
Microsoft Visual Studio Solution File, Format Version 11.00
# Visual Studio 2010
Project("{FAE04EC0-301F-11D3-BF4B-00C04F79EFBC}") = "MarkupConverter", "MarkupConverter\MarkupConverter.csproj", "{DC692379-518F-4241-9BBA-4E3F4A9BCE13}"
EndProject
Project("{FAE04EC0-301F-11D3-BF4B-00C04F79EFBC}") = "MarkupConverterTester", "MarkupConverterTester\MarkupConverterTester.csproj", "{1ABE59FC-29CF-4FCA-A912-B0A86AE0354F}"
EndProject
Global
	GlobalSection(SolutionConfigurationPlatforms) = preSolution
		Debug|Any CPU = Debug|Any CPU
		Release|Any CPU = Release|Any CPU
	EndGlobalSection
	GlobalSection(ProjectConfigurationPlatforms) = postSolution
		{DC692379-518F-4241-9BBA-4E3F4A9BCE13}.Debug|Any CPU.ActiveCfg = Debug|Any CPU
		{DC692379-518F-4241-9BBA-4E3F4A9BCE13}.Debug|Any CPU.Build.0 = Debug|Any CPU
		{DC692379-518F-4241-9BBA-4E3F4A9BCE13}.Release|Any CPU.ActiveCfg = Release|Any CPU
		{DC692379-518F-4241-9BBA-4E3F4A9BCE13}.Release|Any CPU.Build.0 = Release|Any CPU
		{1ABE59FC-29CF-4FCA-A912-B0A86AE0354F}.Debug|Any CPU.ActiveCfg = Debug|Any CPU
		{1ABE59FC-29CF-4FCA-A912-B0A86AE0354F}.Debug|Any CPU.Build.0 = Debug|Any CPU
		{1ABE59FC-29CF-4FCA-A912-B0A86AE0354F}.Release|Any CPU.ActiveCfg = Release|Any CPU
		{1ABE59FC-29CF-4FCA-A912-B0A86AE0354F}.Release|Any CPU.Build.0 = Release|Any CPU
	EndGlobalSection
	GlobalSection(SolutionProperties) = preSolution
		HideSolutionNode = FALSE
	EndGlobalSection
EndGlobal
